<?xml version="1.0" encoding="UTF-8"?>
<CodeBlocks_project_file>
	<FileVersion major="1" minor="6"/>
	<Project>
		<Option title="Project"/>
		<Option makefile_is_custom="1"/>
		<Option compiler="gcc"/>
		<Option virtualFolders="CMake Files\;CMake Files\src\;CMake Files\..\;CMake Files\..\..\;CMake Files\..\..\..\;CMake Files\..\..\..\..\;CMake Files\..\..\..\..\..\;CMake Files\..\..\..\..\..\..\;CMake Files\..\..\..\..\..\..\..\;CMake Files\..\..\..\..\..\..\..\opt\;CMake Files\..\..\..\..\..\..\..\opt\robocomp\;CMake Files\..\..\..\..\..\..\..\opt\robocomp\cmake\;CMake Files\..\..\..\..\..\..\..\opt\robocomp\cmake\modules\;CMake Files\..\..\..\..\..\..\..\usr\;CMake Files\..\..\..\..\..\..\..\usr\share\;CMake Files\..\..\..\..\..\..\..\usr\share\OpenCV\;"/>
		<Build>
			<Target title="all">
				<Option working_dir="/home/robolab/robocomp/components/robocomp-robolab/components/apriltagsComp"/>
				<Option type="4"/>
				<MakeCommands>
					<Build command="/usr/bin/make -f &quot;/home/robolab/robocomp/components/robocomp-robolab/components/apriltagsComp/Makefile&quot;  VERBOSE=1 all"/>
					<CompileFile command="/usr/bin/make -f &quot;/home/robolab/robocomp/components/robocomp-robolab/components/apriltagsComp/Makefile&quot;  VERBOSE=1 &quot;$file&quot;"/>
					<Clean command="/usr/bin/make -f &quot;/home/robolab/robocomp/components/robocomp-robolab/components/apriltagsComp/Makefile&quot;  VERBOSE=1 clean"/>
					<DistClean command="/usr/bin/make -f &quot;/home/robolab/robocomp/components/robocomp-robolab/components/apriltagsComp/Makefile&quot;  VERBOSE=1 clean"/>
				</MakeCommands>
			</Target>
			<Target title="install/strip">
				<Option working_dir="/home/robolab/robocomp/components/robocomp-robolab/components/apriltagsComp"/>
				<Option type="4"/>
				<MakeCommands>
					<Build command="/usr/bin/make -f &quot;/home/robolab/robocomp/components/robocomp-robolab/components/apriltagsComp/Makefile&quot;  VERBOSE=1 install/strip"/>
					<CompileFile command="/usr/bin/make -f &quot;/home/robolab/robocomp/components/robocomp-robolab/components/apriltagsComp/Makefile&quot;  VERBOSE=1 &quot;$file&quot;"/>
					<Clean command="/usr/bin/make -f &quot;/home/robolab/robocomp/components/robocomp-robolab/components/apriltagsComp/Makefile&quot;  VERBOSE=1 clean"/>
					<DistClean command="/usr/bin/make -f &quot;/home/robolab/robocomp/components/robocomp-robolab/components/apriltagsComp/Makefile&quot;  VERBOSE=1 clean"/>
				</MakeCommands>
			</Target>
			<Target title="install/local">
				<Option working_dir="/home/robolab/robocomp/components/robocomp-robolab/components/apriltagsComp"/>
				<Option type="4"/>
				<MakeCommands>
					<Build command="/usr/bin/make -f &quot;/home/robolab/robocomp/components/robocomp-robolab/components/apriltagsComp/Makefile&quot;  VERBOSE=1 install/local"/>
					<CompileFile command="/usr/bin/make -f &quot;/home/robolab/robocomp/components/robocomp-robolab/components/apriltagsComp/Makefile&quot;  VERBOSE=1 &quot;$file&quot;"/>
					<Clean command="/usr/bin/make -f &quot;/home/robolab/robocomp/components/robocomp-robolab/components/apriltagsComp/Makefile&quot;  VERBOSE=1 clean"/>
					<DistClean command="/usr/bin/make -f &quot;/home/robolab/robocomp/components/robocomp-robolab/components/apriltagsComp/Makefile&quot;  VERBOSE=1 clean"/>
				</MakeCommands>
			</Target>
			<Target title="edit_cache">
				<Option working_dir="/home/robolab/robocomp/components/robocomp-robolab/components/apriltagsComp"/>
				<Option type="4"/>
				<MakeCommands>
					<Build command="/usr/bin/make -f &quot;/home/robolab/robocomp/components/robocomp-robolab/components/apriltagsComp/Makefile&quot;  VERBOSE=1 edit_cache"/>
					<CompileFile command="/usr/bin/make -f &quot;/home/robolab/robocomp/components/robocomp-robolab/components/apriltagsComp/Makefile&quot;  VERBOSE=1 &quot;$file&quot;"/>
					<Clean command="/usr/bin/make -f &quot;/home/robolab/robocomp/components/robocomp-robolab/components/apriltagsComp/Makefile&quot;  VERBOSE=1 clean"/>
					<DistClean command="/usr/bin/make -f &quot;/home/robolab/robocomp/components/robocomp-robolab/components/apriltagsComp/Makefile&quot;  VERBOSE=1 clean"/>
				</MakeCommands>
			</Target>
			<Target title="rebuild_cache">
				<Option working_dir="/home/robolab/robocomp/components/robocomp-robolab/components/apriltagsComp"/>
				<Option type="4"/>
				<MakeCommands>
					<Build command="/usr/bin/make -f &quot;/home/robolab/robocomp/components/robocomp-robolab/components/apriltagsComp/Makefile&quot;  VERBOSE=1 rebuild_cache"/>
					<CompileFile command="/usr/bin/make -f &quot;/home/robolab/robocomp/components/robocomp-robolab/components/apriltagsComp/Makefile&quot;  VERBOSE=1 &quot;$file&quot;"/>
					<Clean command="/usr/bin/make -f &quot;/home/robolab/robocomp/components/robocomp-robolab/components/apriltagsComp/Makefile&quot;  VERBOSE=1 clean"/>
					<DistClean command="/usr/bin/make -f &quot;/home/robolab/robocomp/components/robocomp-robolab/components/apriltagsComp/Makefile&quot;  VERBOSE=1 clean"/>
				</MakeCommands>
			</Target>
			<Target title="list_install_components">
				<Option working_dir="/home/robolab/robocomp/components/robocomp-robolab/components/apriltagsComp"/>
				<Option type="4"/>
				<MakeCommands>
					<Build command="/usr/bin/make -f &quot;/home/robolab/robocomp/components/robocomp-robolab/components/apriltagsComp/Makefile&quot;  VERBOSE=1 list_install_components"/>
					<CompileFile command="/usr/bin/make -f &quot;/home/robolab/robocomp/components/robocomp-robolab/components/apriltagsComp/Makefile&quot;  VERBOSE=1 &quot;$file&quot;"/>
					<Clean command="/usr/bin/make -f &quot;/home/robolab/robocomp/components/robocomp-robolab/components/apriltagsComp/Makefile&quot;  VERBOSE=1 clean"/>
					<DistClean command="/usr/bin/make -f &quot;/home/robolab/robocomp/components/robocomp-robolab/components/apriltagsComp/Makefile&quot;  VERBOSE=1 clean"/>
				</MakeCommands>
			</Target>
			<Target title="install">
				<Option working_dir="/home/robolab/robocomp/components/robocomp-robolab/components/apriltagsComp"/>
				<Option type="4"/>
				<MakeCommands>
					<Build command="/usr/bin/make -f &quot;/home/robolab/robocomp/components/robocomp-robolab/components/apriltagsComp/Makefile&quot;  VERBOSE=1 install"/>
					<CompileFile command="/usr/bin/make -f &quot;/home/robolab/robocomp/components/robocomp-robolab/components/apriltagsComp/Makefile&quot;  VERBOSE=1 &quot;$file&quot;"/>
					<Clean command="/usr/bin/make -f &quot;/home/robolab/robocomp/components/robocomp-robolab/components/apriltagsComp/Makefile&quot;  VERBOSE=1 clean"/>
					<DistClean command="/usr/bin/make -f &quot;/home/robolab/robocomp/components/robocomp-robolab/components/apriltagsComp/Makefile&quot;  VERBOSE=1 clean"/>
				</MakeCommands>
			</Target>
			<Target title="AprilTagsComp">
				<Option output="/home/robolab/robocomp/components/robocomp-robolab/components/apriltagsComp/bin/AprilTagsComp" prefix_auto="0" extension_auto="0"/>
				<Option working_dir="/home/robolab/robocomp/components/robocomp-robolab/components/apriltagsComp/bin"/>
				<Option object_output="./"/>
				<Option type="1"/>
				<Option compiler="gcc"/>
				<Compiler>
					<Add option="-DQT_DLL"/>
					<Add option="-DQT_GUI_LIB"/>
					<Add option="-DQT_CORE_LIB"/>
					<Add option="-DQT_NO_DEBUG"/>
					<Add option="-DQT_OPENGL_LIB"/>
					<Add option="-DQT_XML_LIB"/>
					<Add directory="/home/robolab/robocomp/components/robocomp-robolab/components/apriltagsComp/src/AprilTagsComp_autogen/include"/>
					<Add directory="/home/robolab/robocomp/components/robocomp-robolab/components/apriltagsComp/src"/>
					<Add directory="/home/robolab/robocomp/components/robocomp-robolab/components/apriltagsComp/src/."/>
					<Add directory="/opt/robocomp/include"/>
					<Add directory="/classes"/>
					<Add directory="/home/robolab/robocomp/components/robocomp-robolab/components/apriltagsComp"/>
					<Add directory="/usr/include/opencv"/>
					<Add directory="/home/robolab/robocomp/components/robocomp-robolab/components/apriltagsComp/src/AprilTags"/>
					<Add directory="/opt/robocomp/classes"/>
					<Add directory="/opt/robocomp/libs"/>
					<Add directory="/opt/robocomp/interfaces"/>
					<Add directory="/include"/>
					<Add directory="/usr/include/qt4"/>
					<Add directory="/usr/include/qt4/QtOpenGL"/>
					<Add directory="/usr/include/qt4/QtGui"/>
					<Add directory="/usr/include/qt4/QtXml"/>
					<Add directory="/usr/include/qt4/QtCore"/>
				</Compiler>
				<MakeCommands>
					<Build command="/usr/bin/make -f &quot;/home/robolab/robocomp/components/robocomp-robolab/components/apriltagsComp/src/Makefile&quot;  VERBOSE=1 AprilTagsComp"/>
					<CompileFile command="/usr/bin/make -f &quot;/home/robolab/robocomp/components/robocomp-robolab/components/apriltagsComp/src/Makefile&quot;  VERBOSE=1 &quot;$file&quot;"/>
					<Clean command="/usr/bin/make -f &quot;/home/robolab/robocomp/components/robocomp-robolab/components/apriltagsComp/src/Makefile&quot;  VERBOSE=1 clean"/>
					<DistClean command="/usr/bin/make -f &quot;/home/robolab/robocomp/components/robocomp-robolab/components/apriltagsComp/src/Makefile&quot;  VERBOSE=1 clean"/>
				</MakeCommands>
			</Target>
			<Target title="AprilTagsComp/fast">
				<Option output="/home/robolab/robocomp/components/robocomp-robolab/components/apriltagsComp/bin/AprilTagsComp" prefix_auto="0" extension_auto="0"/>
				<Option working_dir="/home/robolab/robocomp/components/robocomp-robolab/components/apriltagsComp/bin"/>
				<Option object_output="./"/>
				<Option type="1"/>
				<Option compiler="gcc"/>
				<Compiler>
					<Add option="-DQT_DLL"/>
					<Add option="-DQT_GUI_LIB"/>
					<Add option="-DQT_CORE_LIB"/>
					<Add option="-DQT_NO_DEBUG"/>
					<Add option="-DQT_OPENGL_LIB"/>
					<Add option="-DQT_XML_LIB"/>
					<Add directory="/home/robolab/robocomp/components/robocomp-robolab/components/apriltagsComp/src/AprilTagsComp_autogen/include"/>
					<Add directory="/home/robolab/robocomp/components/robocomp-robolab/components/apriltagsComp/src"/>
					<Add directory="/home/robolab/robocomp/components/robocomp-robolab/components/apriltagsComp/src/."/>
					<Add directory="/opt/robocomp/include"/>
					<Add directory="/classes"/>
					<Add directory="/home/robolab/robocomp/components/robocomp-robolab/components/apriltagsComp"/>
					<Add directory="/usr/include/opencv"/>
					<Add directory="/home/robolab/robocomp/components/robocomp-robolab/components/apriltagsComp/src/AprilTags"/>
					<Add directory="/opt/robocomp/classes"/>
					<Add directory="/opt/robocomp/libs"/>
					<Add directory="/opt/robocomp/interfaces"/>
					<Add directory="/include"/>
					<Add directory="/usr/include/qt4"/>
					<Add directory="/usr/include/qt4/QtOpenGL"/>
					<Add directory="/usr/include/qt4/QtGui"/>
					<Add directory="/usr/include/qt4/QtXml"/>
					<Add directory="/usr/include/qt4/QtCore"/>
				</Compiler>
				<MakeCommands>
					<Build command="/usr/bin/make -f &quot;/home/robolab/robocomp/components/robocomp-robolab/components/apriltagsComp/src/Makefile&quot;  VERBOSE=1 AprilTagsComp/fast"/>
					<CompileFile command="/usr/bin/make -f &quot;/home/robolab/robocomp/components/robocomp-robolab/components/apriltagsComp/src/Makefile&quot;  VERBOSE=1 &quot;$file&quot;"/>
					<Clean command="/usr/bin/make -f &quot;/home/robolab/robocomp/components/robocomp-robolab/components/apriltagsComp/src/Makefile&quot;  VERBOSE=1 clean"/>
					<DistClean command="/usr/bin/make -f &quot;/home/robolab/robocomp/components/robocomp-robolab/components/apriltagsComp/src/Makefile&quot;  VERBOSE=1 clean"/>
				</MakeCommands>
			</Target>
			<Target title="AprilTagsComp_autogen">
				<Option working_dir="/home/robolab/robocomp/components/robocomp-robolab/components/apriltagsComp/src"/>
				<Option type="4"/>
				<MakeCommands>
					<Build command="/usr/bin/make -f &quot;/home/robolab/robocomp/components/robocomp-robolab/components/apriltagsComp/src/Makefile&quot;  VERBOSE=1 AprilTagsComp_autogen"/>
					<CompileFile command="/usr/bin/make -f &quot;/home/robolab/robocomp/components/robocomp-robolab/components/apriltagsComp/src/Makefile&quot;  VERBOSE=1 &quot;$file&quot;"/>
					<Clean command="/usr/bin/make -f &quot;/home/robolab/robocomp/components/robocomp-robolab/components/apriltagsComp/src/Makefile&quot;  VERBOSE=1 clean"/>
					<DistClean command="/usr/bin/make -f &quot;/home/robolab/robocomp/components/robocomp-robolab/components/apriltagsComp/src/Makefile&quot;  VERBOSE=1 clean"/>
				</MakeCommands>
			</Target>
		</Build>
		<Unit filename="/home/robolab/robocomp/components/robocomp-robolab/components/apriltagsComp/src/AprilTags.cpp">
			<Option target="AprilTagsComp"/>
		</Unit>
		<Unit filename="/home/robolab/robocomp/components/robocomp-robolab/components/apriltagsComp/src/AprilTags.cpp.rule">
			<Option target="AprilTagsComp"/>
		</Unit>
		<Unit filename="/home/robolab/robocomp/components/robocomp-robolab/components/apriltagsComp/src/AprilTags.h">
			<Option target="AprilTagsComp"/>
		</Unit>
		<Unit filename="/home/robolab/robocomp/components/robocomp-robolab/components/apriltagsComp/src/AprilTagsComp_autogen/mocs_compilation.cpp">
			<Option target="AprilTagsComp"/>
		</Unit>
		<Unit filename="/home/robolab/robocomp/components/robocomp-robolab/components/apriltagsComp/src/Camera.cpp">
			<Option target="AprilTagsComp"/>
		</Unit>
		<Unit filename="/home/robolab/robocomp/components/robocomp-robolab/components/apriltagsComp/src/Camera.cpp.rule">
			<Option target="AprilTagsComp"/>
		</Unit>
		<Unit filename="/home/robolab/robocomp/components/robocomp-robolab/components/apriltagsComp/src/Camera.h">
			<Option target="AprilTagsComp"/>
		</Unit>
		<Unit filename="/home/robolab/robocomp/components/robocomp-robolab/components/apriltagsComp/src/CameraSimple.cpp">
			<Option target="AprilTagsComp"/>
		</Unit>
		<Unit filename="/home/robolab/robocomp/components/robocomp-robolab/components/apriltagsComp/src/CameraSimple.cpp.rule">
			<Option target="AprilTagsComp"/>
		</Unit>
		<Unit filename="/home/robolab/robocomp/components/robocomp-robolab/components/apriltagsComp/src/CameraSimple.h">
			<Option target="AprilTagsComp"/>
		</Unit>
		<Unit filename="/home/robolab/robocomp/components/robocomp-robolab/components/apriltagsComp/src/CommonBehavior.cpp">
			<Option target="AprilTagsComp"/>
		</Unit>
		<Unit filename="/home/robolab/robocomp/components/robocomp-robolab/components/apriltagsComp/src/CommonBehavior.cpp.rule">
			<Option target="AprilTagsComp"/>
		</Unit>
		<Unit filename="/home/robolab/robocomp/components/robocomp-robolab/components/apriltagsComp/src/CommonBehavior.h">
			<Option target="AprilTagsComp"/>
		</Unit>
		<Unit filename="/home/robolab/robocomp/components/robocomp-robolab/components/apriltagsComp/src/CommonHead.cpp">
			<Option target="AprilTagsComp"/>
		</Unit>
		<Unit filename="/home/robolab/robocomp/components/robocomp-robolab/components/apriltagsComp/src/CommonHead.cpp.rule">
			<Option target="AprilTagsComp"/>
		</Unit>
		<Unit filename="/home/robolab/robocomp/components/robocomp-robolab/components/apriltagsComp/src/CommonHead.h">
			<Option target="AprilTagsComp"/>
		</Unit>
		<Unit filename="/home/robolab/robocomp/components/robocomp-robolab/components/apriltagsComp/src/Edge.cc">
			<Option target="AprilTagsComp"/>
		</Unit>
		<Unit filename="/home/robolab/robocomp/components/robocomp-robolab/components/apriltagsComp/src/FloatImage.cc">
			<Option target="AprilTagsComp"/>
		</Unit>
		<Unit filename="/home/robolab/robocomp/components/robocomp-robolab/components/apriltagsComp/src/GLine2D.cc">
			<Option target="AprilTagsComp"/>
		</Unit>
		<Unit filename="/home/robolab/robocomp/components/robocomp-robolab/components/apriltagsComp/src/GLineSegment2D.cc">
			<Option target="AprilTagsComp"/>
		</Unit>
		<Unit filename="/home/robolab/robocomp/components/robocomp-robolab/components/apriltagsComp/src/Gaussian.cc">
			<Option target="AprilTagsComp"/>
		</Unit>
		<Unit filename="/home/robolab/robocomp/components/robocomp-robolab/components/apriltagsComp/src/GenericBase.cpp">
			<Option target="AprilTagsComp"/>
		</Unit>
		<Unit filename="/home/robolab/robocomp/components/robocomp-robolab/components/apriltagsComp/src/GenericBase.cpp.rule">
			<Option target="AprilTagsComp"/>
		</Unit>
		<Unit filename="/home/robolab/robocomp/components/robocomp-robolab/components/apriltagsComp/src/GenericBase.h">
			<Option target="AprilTagsComp"/>
		</Unit>
		<Unit filename="/home/robolab/robocomp/components/robocomp-robolab/components/apriltagsComp/src/GetAprilTags.cpp">
			<Option target="AprilTagsComp"/>
		</Unit>
		<Unit filename="/home/robolab/robocomp/components/robocomp-robolab/components/apriltagsComp/src/GetAprilTags.cpp.rule">
			<Option target="AprilTagsComp"/>
		</Unit>
		<Unit filename="/home/robolab/robocomp/components/robocomp-robolab/components/apriltagsComp/src/GetAprilTags.h">
			<Option target="AprilTagsComp"/>
		</Unit>
		<Unit filename="/home/robolab/robocomp/components/robocomp-robolab/components/apriltagsComp/src/GrayModel.cc">
			<Option target="AprilTagsComp"/>
		</Unit>
		<Unit filename="/home/robolab/robocomp/components/robocomp-robolab/components/apriltagsComp/src/Homography33.cc">
			<Option target="AprilTagsComp"/>
		</Unit>
		<Unit filename="/home/robolab/robocomp/components/robocomp-robolab/components/apriltagsComp/src/JointMotor.cpp">
			<Option target="AprilTagsComp"/>
		</Unit>
		<Unit filename="/home/robolab/robocomp/components/robocomp-robolab/components/apriltagsComp/src/JointMotor.cpp.rule">
			<Option target="AprilTagsComp"/>
		</Unit>
		<Unit filename="/home/robolab/robocomp/components/robocomp-robolab/components/apriltagsComp/src/JointMotor.h">
			<Option target="AprilTagsComp"/>
		</Unit>
		<Unit filename="/home/robolab/robocomp/components/robocomp-robolab/components/apriltagsComp/src/MathUtil.cc">
			<Option target="AprilTagsComp"/>
		</Unit>
		<Unit filename="/home/robolab/robocomp/components/robocomp-robolab/components/apriltagsComp/src/Quad.cc">
			<Option target="AprilTagsComp"/>
		</Unit>
		<Unit filename="/home/robolab/robocomp/components/robocomp-robolab/components/apriltagsComp/src/RGBD.cpp">
			<Option target="AprilTagsComp"/>
		</Unit>
		<Unit filename="/home/robolab/robocomp/components/robocomp-robolab/components/apriltagsComp/src/RGBD.cpp.rule">
			<Option target="AprilTagsComp"/>
		</Unit>
		<Unit filename="/home/robolab/robocomp/components/robocomp-robolab/components/apriltagsComp/src/RGBD.h">
			<Option target="AprilTagsComp"/>
		</Unit>
		<Unit filename="/home/robolab/robocomp/components/robocomp-robolab/components/apriltagsComp/src/RGBDBus.cpp">
			<Option target="AprilTagsComp"/>
		</Unit>
		<Unit filename="/home/robolab/robocomp/components/robocomp-robolab/components/apriltagsComp/src/RGBDBus.cpp.rule">
			<Option target="AprilTagsComp"/>
		</Unit>
		<Unit filename="/home/robolab/robocomp/components/robocomp-robolab/components/apriltagsComp/src/RGBDBus.h">
			<Option target="AprilTagsComp"/>
		</Unit>
		<Unit filename="/home/robolab/robocomp/components/robocomp-robolab/components/apriltagsComp/src/Segment.cc">
			<Option target="AprilTagsComp"/>
		</Unit>
		<Unit filename="/home/robolab/robocomp/components/robocomp-robolab/components/apriltagsComp/src/TagDetection.cc">
			<Option target="AprilTagsComp"/>
		</Unit>
		<Unit filename="/home/robolab/robocomp/components/robocomp-robolab/components/apriltagsComp/src/TagDetector.cc">
			<Option target="AprilTagsComp"/>
		</Unit>
		<Unit filename="/home/robolab/robocomp/components/robocomp-robolab/components/apriltagsComp/src/TagFamily.cc">
			<Option target="AprilTagsComp"/>
		</Unit>
		<Unit filename="/home/robolab/robocomp/components/robocomp-robolab/components/apriltagsComp/src/UnionFindSimple.cc">
			<Option target="AprilTagsComp"/>
		</Unit>
		<Unit filename="/home/robolab/robocomp/components/robocomp-robolab/components/apriltagsComp/src/commonbehaviorI.cpp">
			<Option target="AprilTagsComp"/>
		</Unit>
		<Unit filename="/home/robolab/robocomp/components/robocomp-robolab/components/apriltagsComp/src/commonbehaviorI.h">
			<Option target="AprilTagsComp"/>
		</Unit>
		<Unit filename="/home/robolab/robocomp/components/robocomp-robolab/components/apriltagsComp/src/genericmonitor.cpp">
			<Option target="AprilTagsComp"/>
		</Unit>
		<Unit filename="/home/robolab/robocomp/components/robocomp-robolab/components/apriltagsComp/src/genericmonitor.h">
			<Option target="AprilTagsComp"/>
		</Unit>
		<Unit filename="/home/robolab/robocomp/components/robocomp-robolab/components/apriltagsComp/src/genericworker.cpp">
			<Option target="AprilTagsComp"/>
		</Unit>
		<Unit filename="/home/robolab/robocomp/components/robocomp-robolab/components/apriltagsComp/src/genericworker.h">
			<Option target="AprilTagsComp"/>
		</Unit>
		<Unit filename="/home/robolab/robocomp/components/robocomp-robolab/components/apriltagsComp/src/getapriltagsI.cpp">
			<Option target="AprilTagsComp"/>
		</Unit>
		<Unit filename="/home/robolab/robocomp/components/robocomp-robolab/components/apriltagsComp/src/getapriltagsI.h">
			<Option target="AprilTagsComp"/>
		</Unit>
		<Unit filename="/home/robolab/robocomp/components/robocomp-robolab/components/apriltagsComp/src/main.cpp">
			<Option target="AprilTagsComp"/>
		</Unit>
		<Unit filename="/home/robolab/robocomp/components/robocomp-robolab/components/apriltagsComp/src/specificmonitor.cpp">
			<Option target="AprilTagsComp"/>
		</Unit>
		<Unit filename="/home/robolab/robocomp/components/robocomp-robolab/components/apriltagsComp/src/specificmonitor.h">
			<Option target="AprilTagsComp"/>
		</Unit>
		<Unit filename="/home/robolab/robocomp/components/robocomp-robolab/components/apriltagsComp/src/specificworker.cpp">
			<Option target="AprilTagsComp"/>
		</Unit>
		<Unit filename="/home/robolab/robocomp/components/robocomp-robolab/components/apriltagsComp/src/specificworker.h">
			<Option target="AprilTagsComp"/>
		</Unit>
		<Unit filename="/opt/robocomp/classes/qlog/qlog.cpp">
			<Option target="AprilTagsComp"/>
		</Unit>
		<Unit filename="/opt/robocomp/classes/qlog/qlog.h">
			<Option target="AprilTagsComp"/>
		</Unit>
		<Unit filename="/opt/robocomp/classes/rapplication/rapplication.cpp">
			<Option target="AprilTagsComp"/>
		</Unit>
		<Unit filename="/opt/robocomp/classes/rapplication/rapplication.h">
			<Option target="AprilTagsComp"/>
		</Unit>
		<Unit filename="/opt/robocomp/classes/sigwatch/sigwatch.cpp">
			<Option target="AprilTagsComp"/>
		</Unit>
		<Unit filename="/opt/robocomp/classes/sigwatch/sigwatch.h">
			<Option target="AprilTagsComp"/>
		</Unit>
		<Unit filename="/home/robolab/robocomp/components/robocomp-robolab/components/apriltagsComp/CMakeLists.txt">
			<Option virtualFolder="CMake Files\"/>
		</Unit>
		<Unit filename="/home/robolab/robocomp/components/robocomp-robolab/components/apriltagsComp/src/CMakeLists.txt">
			<Option virtualFolder="CMake Files\src\"/>
		</Unit>
		<Unit filename="/home/robolab/robocomp/components/robocomp-robolab/components/apriltagsComp/src/CMakeListsSpecific.txt">
			<Option virtualFolder="CMake Files\src\"/>
		</Unit>
		<Unit filename="/home/robolab/robocomp/components/robocomp-robolab/components/apriltagsComp/../../../../../../../opt/robocomp/cmake/robocomp.cmake">
			<Option virtualFolder="CMake Files\..\..\..\..\..\..\..\opt\robocomp\cmake\"/>
		</Unit>
		<Unit filename="/home/robolab/robocomp/components/robocomp-robolab/components/apriltagsComp/../../../../../../../opt/robocomp/cmake/modules/opencv2.cmake">
			<Option virtualFolder="CMake Files\..\..\..\..\..\..\..\opt\robocomp\cmake\modules\"/>
		</Unit>
		<Unit filename="/home/robolab/robocomp/components/robocomp-robolab/components/apriltagsComp/../../../../../../../usr/share/OpenCV/OpenCVConfig-version.cmake">
			<Option virtualFolder="CMake Files\..\..\..\..\..\..\..\usr\share\OpenCV\"/>
		</Unit>
		<Unit filename="/home/robolab/robocomp/components/robocomp-robolab/components/apriltagsComp/../../../../../../../usr/share/OpenCV/OpenCVConfig.cmake">
			<Option virtualFolder="CMake Files\..\..\..\..\..\..\..\usr\share\OpenCV\"/>
		</Unit>
		<Unit filename="/home/robolab/robocomp/components/robocomp-robolab/components/apriltagsComp/../../../../../../../usr/share/OpenCV/OpenCVModules-release.cmake">
			<Option virtualFolder="CMake Files\..\..\..\..\..\..\..\usr\share\OpenCV\"/>
		</Unit>
		<Unit filename="/home/robolab/robocomp/components/robocomp-robolab/components/apriltagsComp/../../../../../../../usr/share/OpenCV/OpenCVModules.cmake">
			<Option virtualFolder="CMake Files\..\..\..\..\..\..\..\usr\share\OpenCV\"/>
		</Unit>
	</Project>
</CodeBlocks_project_file>
